
Microsoft Visual Studio Solution File, Format Version 12.00
Project("{FAE04EC0-301F-11D3-BF4B-00C04F79EFBC}") = "ForumApp.Api", "ForumApp.Api\ForumApp.Api.csproj", "{7ECF3BFF-C700-4B9B-A20E-7A4557751763}"
EndProject
Project("{FAE04EC0-301F-11D3-BF4B-00C04F79EFBC}") = "FormumApp.Domain", "FormumApp.Domain\FormumApp.Domain.csproj", "{66950CC7-6259-450E-9724-2D06BE6E4A92}"
EndProject
Project("{FAE04EC0-301F-11D3-BF4B-00C04F79EFBC}") = "ForumApp.Application", "ForumApp.Application\ForumApp.Application.csproj", "{22DEC6F9-9F58-4C5E-ACAB-B4DA5045ACA6}"
EndProject
Project("{FAE04EC0-301F-11D3-BF4B-00C04F79EFBC}") = "ForumApp.Infrastructure", "ForumApp.Infrastructure\ForumApp.Infrastructure.csproj", "{3725D650-5489-41CB-8A12-91C7E1FB1B44}"
EndProject
Project("{FAE04EC0-301F-11D3-BF4B-00C04F79EFBC}") = "ForumApp.Identity", "ForumApp.Identity\ForumApp.Identity.csproj", "{87F66E72-623B-4B24-BCE1-32A9359470F4}"
EndProject
Project("{2150E333-8FDC-42A3-9474-1A3956D46DE8}") = "Core", "Core", "{2ED97018-1B17-470B-B9FC-9A91235C0F9B}"
EndProject
Project("{2150E333-8FDC-42A3-9474-1A3956D46DE8}") = "Infrastructure", "Infrastructure", "{CD595F7D-1F28-4786-A3A4-BB8944FC788A}"
EndProject
Project("{2150E333-8FDC-42A3-9474-1A3956D46DE8}") = "UI", "UI", "{AE5469B1-16E9-4A1C-A627-F5F94D5F76E6}"
EndProject
Project("{FAE04EC0-301F-11D3-BF4B-00C04F79EFBC}") = "ForumApp.Persistence", "ForumApp.Persistence\ForumApp.Persistence.csproj", "{0A1DAB9E-221E-489D-8D85-E84988B5603C}"
EndProject
Global
	GlobalSection(SolutionConfigurationPlatforms) = preSolution
		Debug|Any CPU = Debug|Any CPU
		Release|Any CPU = Release|Any CPU
	EndGlobalSection
	GlobalSection(ProjectConfigurationPlatforms) = postSolution
		{7ECF3BFF-C700-4B9B-A20E-7A4557751763}.Debug|Any CPU.ActiveCfg = Debug|Any CPU
		{7ECF3BFF-C700-4B9B-A20E-7A4557751763}.Debug|Any CPU.Build.0 = Debug|Any CPU
		{7ECF3BFF-C700-4B9B-A20E-7A4557751763}.Release|Any CPU.ActiveCfg = Release|Any CPU
		{7ECF3BFF-C700-4B9B-A20E-7A4557751763}.Release|Any CPU.Build.0 = Release|Any CPU
		{66950CC7-6259-450E-9724-2D06BE6E4A92}.Debug|Any CPU.ActiveCfg = Debug|Any CPU
		{66950CC7-6259-450E-9724-2D06BE6E4A92}.Debug|Any CPU.Build.0 = Debug|Any CPU
		{66950CC7-6259-450E-9724-2D06BE6E4A92}.Release|Any CPU.ActiveCfg = Release|Any CPU
		{66950CC7-6259-450E-9724-2D06BE6E4A92}.Release|Any CPU.Build.0 = Release|Any CPU
		{22DEC6F9-9F58-4C5E-ACAB-B4DA5045ACA6}.Debug|Any CPU.ActiveCfg = Debug|Any CPU
		{22DEC6F9-9F58-4C5E-ACAB-B4DA5045ACA6}.Debug|Any CPU.Build.0 = Debug|Any CPU
		{22DEC6F9-9F58-4C5E-ACAB-B4DA5045ACA6}.Release|Any CPU.ActiveCfg = Release|Any CPU
		{22DEC6F9-9F58-4C5E-ACAB-B4DA5045ACA6}.Release|Any CPU.Build.0 = Release|Any CPU
		{3725D650-5489-41CB-8A12-91C7E1FB1B44}.Debug|Any CPU.ActiveCfg = Debug|Any CPU
		{3725D650-5489-41CB-8A12-91C7E1FB1B44}.Debug|Any CPU.Build.0 = Debug|Any CPU
		{3725D650-5489-41CB-8A12-91C7E1FB1B44}.Release|Any CPU.ActiveCfg = Release|Any CPU
		{3725D650-5489-41CB-8A12-91C7E1FB1B44}.Release|Any CPU.Build.0 = Release|Any CPU
		{87F66E72-623B-4B24-BCE1-32A9359470F4}.Debug|Any CPU.ActiveCfg = Debug|Any CPU
		{87F66E72-623B-4B24-BCE1-32A9359470F4}.Debug|Any CPU.Build.0 = Debug|Any CPU
		{87F66E72-623B-4B24-BCE1-32A9359470F4}.Release|Any CPU.ActiveCfg = Release|Any CPU
		{87F66E72-623B-4B24-BCE1-32A9359470F4}.Release|Any CPU.Build.0 = Release|Any CPU
		{0A1DAB9E-221E-489D-8D85-E84988B5603C}.Debug|Any CPU.ActiveCfg = Debug|Any CPU
		{0A1DAB9E-221E-489D-8D85-E84988B5603C}.Debug|Any CPU.Build.0 = Debug|Any CPU
		{0A1DAB9E-221E-489D-8D85-E84988B5603C}.Release|Any CPU.ActiveCfg = Release|Any CPU
		{0A1DAB9E-221E-489D-8D85-E84988B5603C}.Release|Any CPU.Build.0 = Release|Any CPU
	EndGlobalSection
	GlobalSection(NestedProjects) = preSolution
		{66950CC7-6259-450E-9724-2D06BE6E4A92} = {2ED97018-1B17-470B-B9FC-9A91235C0F9B}
		{22DEC6F9-9F58-4C5E-ACAB-B4DA5045ACA6} = {2ED97018-1B17-470B-B9FC-9A91235C0F9B}
		{87F66E72-623B-4B24-BCE1-32A9359470F4} = {CD595F7D-1F28-4786-A3A4-BB8944FC788A}
		{3725D650-5489-41CB-8A12-91C7E1FB1B44} = {CD595F7D-1F28-4786-A3A4-BB8944FC788A}
		{7ECF3BFF-C700-4B9B-A20E-7A4557751763} = {AE5469B1-16E9-4A1C-A627-F5F94D5F76E6}
		{0A1DAB9E-221E-489D-8D85-E84988B5603C} = {CD595F7D-1F28-4786-A3A4-BB8944FC788A}
	EndGlobalSection
EndGlobal
